
Microsoft Visual Studio Solution File, Format Version 12.00
# Visual Studio 14
VisualStudioVersion = 14.0.25420.1
MinimumVisualStudioVersion = 10.0.40219.1
Project("{FAE04EC0-301F-11D3-BF4B-00C04F79EFBC}") = "Sena", "Sena\Sena.csproj", "{4EAD868F-9944-42CD-BCB0-5C3CEB639977}"
EndProject
Project("{54435603-DBB4-11D2-8724-00A0C9A8B90C}") = "Setup", "Setup\Setup.vdproj", "{02E7C4C7-EE30-409F-82E9-3E0418D1A633}"
EndProject
Global
	GlobalSection(SolutionConfigurationPlatforms) = preSolution
		Debug|Any CPU = Debug|Any CPU
		Release|Any CPU = Release|Any CPU
	EndGlobalSection
	GlobalSection(ProjectConfigurationPlatforms) = postSolution
		{4EAD868F-9944-42CD-BCB0-5C3CEB639977}.Debug|Any CPU.ActiveCfg = Debug|Any CPU
		{4EAD868F-9944-42CD-BCB0-5C3CEB639977}.Debug|Any CPU.Build.0 = Debug|Any CPU
		{4EAD868F-9944-42CD-BCB0-5C3CEB639977}.Release|Any CPU.ActiveCfg = Release|Any CPU
		{4EAD868F-9944-42CD-BCB0-5C3CEB639977}.Release|Any CPU.Build.0 = Release|Any CPU
		{02E7C4C7-EE30-409F-82E9-3E0418D1A633}.Debug|Any CPU.ActiveCfg = Debug
		{02E7C4C7-EE30-409F-82E9-3E0418D1A633}.Release|Any CPU.ActiveCfg = Release
	EndGlobalSection
	GlobalSection(SolutionProperties) = preSolution
		HideSolutionNode = FALSE
	EndGlobalSection
EndGlobal
